
Microsoft Visual Studio Solution File, Format Version 12.00
# Visual Studio Version 17
VisualStudioVersion = 17.14.36915.13
MinimumVisualStudioVersion = 10.0.40219.1
Project("{FAE04EC0-301F-11D3-BF4B-00C04F79EFBC}") = "tflc", "tflc_1\tflc.csproj", "{77DAC539-EDCB-402D-A7CF-5657C9236EC4}"
EndProject
Global
	GlobalSection(SolutionConfigurationPlatforms) = preSolution
		Debug|Any CPU = Debug|Any CPU
		Release|Any CPU = Release|Any CPU
	EndGlobalSection
	GlobalSection(ProjectConfigurationPlatforms) = postSolution
		{77DAC539-EDCB-402D-A7CF-5657C9236EC4}.Debug|Any CPU.ActiveCfg = Debug|Any CPU
		{77DAC539-EDCB-402D-A7CF-5657C9236EC4}.Debug|Any CPU.Build.0 = Debug|Any CPU
		{77DAC539-EDCB-402D-A7CF-5657C9236EC4}.Release|Any CPU.ActiveCfg = Release|Any CPU
		{77DAC539-EDCB-402D-A7CF-5657C9236EC4}.Release|Any CPU.Build.0 = Release|Any CPU
	EndGlobalSection
	GlobalSection(SolutionProperties) = preSolution
		HideSolutionNode = FALSE
	EndGlobalSection
	GlobalSection(ExtensibilityGlobals) = postSolution
		SolutionGuid = {4BEE19BC-2E3E-429F-9A30-AC62AB2F1F0A}
	EndGlobalSection
EndGlobal
